// !$*UTF8*$!
{
	archiveVersion = 1;
	classes = {
	};
	objectVersion = 56;
	objects = {

/* Begin PBXBuildFile section */
		E15A29D12B46BC3E00586122 /* Club.swift in Sources */ = {isa = PBXBuildFile; fileRef = E15A29D02B46BC3E00586122 /* Club.swift */; };
		E15A29D32B46BC6900586122 /* ClubController.swift in Sources */ = {isa = PBXBuildFile; fileRef = E15A29D22B46BC6900586122 /* ClubController.swift */; };
		E15A29D52B46BCBB00586122 /* ClubRow.swift in Sources */ = {isa = PBXBuildFile; fileRef = E15A29D42B46BCBB00586122 /* ClubRow.swift */; };
		E15A29D82B46BD6400586122 /* ProfileView.swift in Sources */ = {isa = PBXBuildFile; fileRef = E15A29D72B46BD6400586122 /* ProfileView.swift */; };
		E15A29DA2B46BD7C00586122 /* ClubDetailView.swift in Sources */ = {isa = PBXBuildFile; fileRef = E15A29D92B46BD7C00586122 /* ClubDetailView.swift */; };
		E15A29DC2B46C3D700586122 /* MacthCard.swift in Sources */ = {isa = PBXBuildFile; fileRef = E15A29DB2B46C3D700586122 /* MacthCard.swift */; };
		E15A29DE2B46C41500586122 /* Match.swift in Sources */ = {isa = PBXBuildFile; fileRef = E15A29DD2B46C41500586122 /* Match.swift */; };
		E15A29E02B46C62700586122 /* MatchCardView.swift in Sources */ = {isa = PBXBuildFile; fileRef = E15A29DF2B46C62700586122 /* MatchCardView.swift */; };
		E15A29E22B46D33600586122 /* PlayerCardView.swift in Sources */ = {isa = PBXBuildFile; fileRef = E15A29E12B46D33600586122 /* PlayerCardView.swift */; };
		E15A29E52B46D36200586122 /* PlayerCard.swift in Sources */ = {isa = PBXBuildFile; fileRef = E15A29E42B46D36200586122 /* PlayerCard.swift */; };
		E15A29E72B46D3DD00586122 /* Player.swift in Sources */ = {isa = PBXBuildFile; fileRef = E15A29E62B46D3DD00586122 /* Player.swift */; };
		E15A29E92B46E5C400586122 /* SplashScreenView.swift in Sources */ = {isa = PBXBuildFile; fileRef = E15A29E82B46E5C400586122 /* SplashScreenView.swift */; };
		E15B54E02B467DAB00180197 /* DicodingSubmissionApp.swift in Sources */ = {isa = PBXBuildFile; fileRef = E15B54DF2B467DAB00180197 /* DicodingSubmissionApp.swift */; };
		E15B54E22B467DAB00180197 /* ContentView.swift in Sources */ = {isa = PBXBuildFile; fileRef = E15B54E12B467DAB00180197 /* ContentView.swift */; };
		E15B54E42B467DAC00180197 /* Assets.xcassets in Resources */ = {isa = PBXBuildFile; fileRef = E15B54E32B467DAC00180197 /* Assets.xcassets */; };
		E15B54E72B467DAC00180197 /* Preview Assets.xcassets in Resources */ = {isa = PBXBuildFile; fileRef = E15B54E62B467DAC00180197 /* Preview Assets.xcassets */; };
/* End PBXBuildFile section */

/* Begin PBXFileReference section */
		E15A29D02B46BC3E00586122 /* Club.swift */ = {isa = PBXFileReference; lastKnownFileType = sourcecode.swift; path = Club.swift; sourceTree = "<group>"; };
		E15A29D22B46BC6900586122 /* ClubController.swift */ = {isa = PBXFileReference; lastKnownFileType = sourcecode.swift; path = ClubController.swift; sourceTree = "<group>"; };
		E15A29D42B46BCBB00586122 /* ClubRow.swift */ = {isa = PBXFileReference; lastKnownFileType = sourcecode.swift; path = ClubRow.swift; sourceTree = "<group>"; };
		E15A29D72B46BD6400586122 /* ProfileView.swift */ = {isa = PBXFileReference; lastKnownFileType = sourcecode.swift; path = ProfileView.swift; sourceTree = "<group>"; };
		E15A29D92B46BD7C00586122 /* ClubDetailView.swift */ = {isa = PBXFileReference; lastKnownFileType = sourcecode.swift; path = ClubDetailView.swift; sourceTree = "<group>"; };
		E15A29DB2B46C3D700586122 /* MacthCard.swift */ = {isa = PBXFileReference; lastKnownFileType = sourcecode.swift; path = MacthCard.swift; sourceTree = "<group>"; };
		E15A29DD2B46C41500586122 /* Match.swift */ = {isa = PBXFileReference; lastKnownFileType = sourcecode.swift; path = Match.swift; sourceTree = "<group>"; };
		E15A29DF2B46C62700586122 /* MatchCardView.swift */ = {isa = PBXFileReference; lastKnownFileType = sourcecode.swift; path = MatchCardView.swift; sourceTree = "<group>"; };
		E15A29E12B46D33600586122 /* PlayerCardView.swift */ = {isa = PBXFileReference; lastKnownFileType = sourcecode.swift; path = PlayerCardView.swift; sourceTree = "<group>"; };
		E15A29E42B46D36200586122 /* PlayerCard.swift */ = {isa = PBXFileReference; lastKnownFileType = sourcecode.swift; path = PlayerCard.swift; sourceTree = "<group>"; };
		E15A29E62B46D3DD00586122 /* Player.swift */ = {isa = PBXFileReference; lastKnownFileType = sourcecode.swift; path = Player.swift; sourceTree = "<group>"; };
		E15A29E82B46E5C400586122 /* SplashScreenView.swift */ = {isa = PBXFileReference; lastKnownFileType = sourcecode.swift; path = SplashScreenView.swift; sourceTree = "<group>"; };
		E15B54DC2B467DAB00180197 /* DicodingSubmission.app */ = {isa = PBXFileReference; explicitFileType = wrapper.application; includeInIndex = 0; path = DicodingSubmission.app; sourceTree = BUILT_PRODUCTS_DIR; };
		E15B54DF2B467DAB00180197 /* DicodingSubmissionApp.swift */ = {isa = PBXFileReference; lastKnownFileType = sourcecode.swift; path = DicodingSubmissionApp.swift; sourceTree = "<group>"; };
		E15B54E12B467DAB00180197 /* ContentView.swift */ = {isa = PBXFileReference; lastKnownFileType = sourcecode.swift; path = ContentView.swift; sourceTree = "<group>"; };
		E15B54E32B467DAC00180197 /* Assets.xcassets */ = {isa = PBXFileReference; lastKnownFileType = folder.assetcatalog; path = Assets.xcassets; sourceTree = "<group>"; };
		E15B54E62B467DAC00180197 /* Preview Assets.xcassets */ = {isa = PBXFileReference; lastKnownFileType = folder.assetcatalog; path = "Preview Assets.xcassets"; sourceTree = "<group>"; };
/* End PBXFileReference section */

/* Begin PBXFrameworksBuildPhase section */
		E15B54D92B467DAB00180197 /* Frameworks */ = {
			isa = PBXFrameworksBuildPhase;
			buildActionMask = 2147483647;
			files = (
			);
			runOnlyForDeploymentPostprocessing = 0;
		};
/* End PBXFrameworksBuildPhase section */

/* Begin PBXGroup section */
		E15A29CF2B46BC2B00586122 /* Model */ = {
			isa = PBXGroup;
			children = (
				E15A29D02B46BC3E00586122 /* Club.swift */,
				E15A29D22B46BC6900586122 /* ClubController.swift */,
				E15A29DD2B46C41500586122 /* Match.swift */,
				E15A29E62B46D3DD00586122 /* Player.swift */,
			);
			path = Model;
			sourceTree = "<group>";
		};
		E15A29D62B46BCE100586122 /* Views */ = {
			isa = PBXGroup;
			children = (
				E15B54E12B467DAB00180197 /* ContentView.swift */,
				E15A29D42B46BCBB00586122 /* ClubRow.swift */,
				E15A29D72B46BD6400586122 /* ProfileView.swift */,
				E15A29D92B46BD7C00586122 /* ClubDetailView.swift */,
				E15A29DB2B46C3D700586122 /* MacthCard.swift */,
				E15A29DF2B46C62700586122 /* MatchCardView.swift */,
				E15A29E12B46D33600586122 /* PlayerCardView.swift */,
				E15A29E42B46D36200586122 /* PlayerCard.swift */,
				E15A29E82B46E5C400586122 /* SplashScreenView.swift */,
			);
			path = Views;
			sourceTree = "<group>";
		};
		E15B54D32B467DAB00180197 = {
			isa = PBXGroup;
			children = (
				E15B54DE2B467DAB00180197 /* DicodingSubmission */,
				E15B54DD2B467DAB00180197 /* Products */,
			);
			sourceTree = "<group>";
		};
		E15B54DD2B467DAB00180197 /* Products */ = {
			isa = PBXGroup;
			children = (
				E15B54DC2B467DAB00180197 /* DicodingSubmission.app */,
			);
			name = Products;
			sourceTree = "<group>";
		};
		E15B54DE2B467DAB00180197 /* DicodingSubmission */ = {
			isa = PBXGroup;
			children = (
				E15A29D62B46BCE100586122 /* Views */,
				E15A29CF2B46BC2B00586122 /* Model */,
				E15B54DF2B467DAB00180197 /* DicodingSubmissionApp.swift */,
				E15B54E32B467DAC00180197 /* Assets.xcassets */,
				E15B54E52B467DAC00180197 /* Preview Content */,
			);
			path = DicodingSubmission;
			sourceTree = "<group>";
		};
		E15B54E52B467DAC00180197 /* Preview Content */ = {
			isa = PBXGroup;
			children = (
				E15B54E62B467DAC00180197 /* Preview Assets.xcassets */,
			);
			path = "Preview Content";
			sourceTree = "<group>";
		};
/* End PBXGroup section */

/* Begin PBXNativeTarget section */
		E15B54DB2B467DAB00180197 /* DicodingSubmission */ = {
			isa = PBXNativeTarget;
			buildConfigurationList = E15B54EA2B467DAC00180197 /* Build configuration list for PBXNativeTarget "DicodingSubmission" */;
			buildPhases = (
				E15B54D82B467DAB00180197 /* Sources */,
				E15B54D92B467DAB00180197 /* Frameworks */,
				E15B54DA2B467DAB00180197 /* Resources */,
			);
			buildRules = (
			);
			dependencies = (
			);
			name = DicodingSubmission;
			productName = DicodingSubmission;
			productReference = E15B54DC2B467DAB00180197 /* DicodingSubmission.app */;
			productType = "com.apple.product-type.application";
		};
/* End PBXNativeTarget section */

/* Begin PBXProject section */
		E15B54D42B467DAB00180197 /* Project object */ = {
			isa = PBXProject;
			attributes = {
				BuildIndependentTargetsInParallel = 1;
				LastSwiftUpdateCheck = 1510;
				LastUpgradeCheck = 1510;
				TargetAttributes = {
					E15B54DB2B467DAB00180197 = {
						CreatedOnToolsVersion = 15.1;
					};
				};
			};
			buildConfigurationList = E15B54D72B467DAB00180197 /* Build configuration list for PBXProject "DicodingSubmission" */;
			compatibilityVersion = "Xcode 14.0";
			developmentRegion = en;
			hasScannedForEncodings = 0;
			knownRegions = (
				en,
				Base,
			);
			mainGroup = E15B54D32B467DAB00180197;
			productRefGroup = E15B54DD2B467DAB00180197 /* Products */;
			projectDirPath = "";
			projectRoot = "";
			targets = (
				E15B54DB2B467DAB00180197 /* DicodingSubmission */,
			);
		};
/* End PBXProject section */

/* Begin PBXResourcesBuildPhase section */
		E15B54DA2B467DAB00180197 /* Resources */ = {
			isa = PBXResourcesBuildPhase;
			buildActionMask = 2147483647;
			files = (
				E15B54E72B467DAC00180197 /* Preview Assets.xcassets in Resources */,
				E15B54E42B467DAC00180197 /* Assets.xcassets in Resources */,
			);
			runOnlyForDeploymentPostprocessing = 0;
		};
/* End PBXResourcesBuildPhase section */

/* Begin PBXSourcesBuildPhase section */
		E15B54D82B467DAB00180197 /* Sources */ = {
			isa = PBXSourcesBuildPhase;
			buildActionMask = 2147483647;
			files = (
				E15B54E22B467DAB00180197 /* ContentView.swift in Sources */,
				E15A29DC2B46C3D700586122 /* MacthCard.swift in Sources */,
				E15A29E52B46D36200586122 /* PlayerCard.swift in Sources */,
				E15A29DE2B46C41500586122 /* Match.swift in Sources */,
				E15A29E22B46D33600586122 /* PlayerCardView.swift in Sources */,
				E15A29E72B46D3DD00586122 /* Player.swift in Sources */,
				E15A29D32B46BC6900586122 /* ClubController.swift in Sources */,
				E15A29E92B46E5C400586122 /* SplashScreenView.swift in Sources */,
				E15A29DA2B46BD7C00586122 /* ClubDetailView.swift in Sources */,
				E15A29D52B46BCBB00586122 /* ClubRow.swift in Sources */,
				E15A29D12B46BC3E00586122 /* Club.swift in Sources */,
				E15A29D82B46BD6400586122 /* ProfileView.swift in Sources */,
				E15A29E02B46C62700586122 /* MatchCardView.swift in Sources */,
				E15B54E02B467DAB00180197 /* DicodingSubmissionApp.swift in Sources */,
			);
			runOnlyForDeploymentPostprocessing = 0;
		};
/* End PBXSourcesBuildPhase section */

/* Begin XCBuildConfiguration section */
		E15B54E82B467DAC00180197 /* Debug */ = {
			isa = XCBuildConfiguration;
			buildSettings = {
				ALWAYS_SEARCH_USER_PATHS = NO;
				ASSETCATALOG_COMPILER_GENERATE_SWIFT_ASSET_SYMBOL_EXTENSIONS = YES;
				CLANG_ANALYZER_NONNULL = YES;
				CLANG_ANALYZER_NUMBER_OBJECT_CONVERSION = YES_AGGRESSIVE;
				CLANG_CXX_LANGUAGE_STANDARD = "gnu++20";
				CLANG_ENABLE_MODULES = YES;
				CLANG_ENABLE_OBJC_ARC = YES;
				CLANG_ENABLE_OBJC_WEAK = YES;
				CLANG_WARN_BLOCK_CAPTURE_AUTORELEASING = YES;
				CLANG_WARN_BOOL_CONVERSION = YES;
				CLANG_WARN_COMMA = YES;
				CLANG_WARN_CONSTANT_CONVERSION = YES;
				CLANG_WARN_DEPRECATED_OBJC_IMPLEMENTATIONS = YES;
				CLANG_WARN_DIRECT_OBJC_ISA_USAGE = YES_ERROR;
				CLANG_WARN_DOCUMENTATION_COMMENTS = YES;
				CLANG_WARN_EMPTY_BODY = YES;
				CLANG_WARN_ENUM_CONVERSION = YES;
				CLANG_WARN_INFINITE_RECURSION = YES;
				CLANG_WARN_INT_CONVERSION = YES;
				CLANG_WARN_NON_LITERAL_NULL_CONVERSION = YES;
				CLANG_WARN_OBJC_IMPLICIT_RETAIN_SELF = YES;
				CLANG_WARN_OBJC_LITERAL_CONVERSION = YES;
				CLANG_WARN_OBJC_ROOT_CLASS = YES_ERROR;
				CLANG_WARN_QUOTED_INCLUDE_IN_FRAMEWORK_HEADER = YES;
				CLANG_WARN_RANGE_LOOP_ANALYSIS = YES;
				CLANG_WARN_STRICT_PROTOTYPES = YES;
				CLANG_WARN_SUSPICIOUS_MOVE = YES;
				CLANG_WARN_UNGUARDED_AVAILABILITY = YES_AGGRESSIVE;
				CLANG_WARN_UNREACHABLE_CODE = YES;
				CLANG_WARN__DUPLICATE_METHOD_MATCH = YES;
				COPY_PHASE_STRIP = NO;
				DEBUG_INFORMATION_FORMAT = dwarf;
				ENABLE_STRICT_OBJC_MSGSEND = YES;
				ENABLE_TESTABILITY = YES;
				ENABLE_USER_SCRIPT_SANDBOXING = YES;
				GCC_C_LANGUAGE_STANDARD = gnu17;
				GCC_DYNAMIC_NO_PIC = NO;
				GCC_NO_COMMON_BLOCKS = YES;
				GCC_OPTIMIZATION_LEVEL = 0;
				GCC_PREPROCESSOR_DEFINITIONS = (
					"DEBUG=1",
					"$(inherited)",
				);
				GCC_WARN_64_TO_32_BIT_CONVERSION = YES;
				GCC_WARN_ABOUT_RETURN_TYPE = YES_ERROR;
				GCC_WARN_UNDECLARED_SELECTOR = YES;
				GCC_WARN_UNINITIALIZED_AUTOS = YES_AGGRESSIVE;
				GCC_WARN_UNUSED_FUNCTION = YES;
				GCC_WARN_UNUSED_VARIABLE = YES;
				IPHONEOS_DEPLOYMENT_TARGET = 17.2;
				LOCALIZATION_PREFERS_STRING_CATALOGS = YES;
				MTL_ENABLE_DEBUG_INFO = INCLUDE_SOURCE;
				MTL_FAST_MATH = YES;
				ONLY_ACTIVE_ARCH = YES;
				SDKROOT = iphoneos;
				SWIFT_ACTIVE_COMPILATION_CONDITIONS = "DEBUG $(inherited)";
				SWIFT_OPTIMIZATION_LEVEL = "-Onone";
			};
			name = Debug;
		};
		E15B54E92B467DAC00180197 /* Release */ = {
			isa = XCBuildConfiguration;
			buildSettings = {
				ALWAYS_SEARCH_USER_PATHS = NO;
				ASSETCATALOG_COMPILER_GENERATE_SWIFT_ASSET_SYMBOL_EXTENSIONS = YES;
				CLANG_ANALYZER_NONNULL = YES;
				CLANG_ANALYZER_NUMBER_OBJECT_CONVERSION = YES_AGGRESSIVE;
				CLANG_CXX_LANGUAGE_STANDARD = "gnu++20";
				CLANG_ENABLE_MODULES = YES;
				CLANG_ENABLE_OBJC_ARC = YES;
				CLANG_ENABLE_OBJC_WEAK = YES;
				CLANG_WARN_BLOCK_CAPTURE_AUTORELEASING = YES;
				CLANG_WARN_BOOL_CONVERSION = YES;
				CLANG_WARN_COMMA = YES;
				CLANG_WARN_CONSTANT_CONVERSION = YES;
				CLANG_WARN_DEPRECATED_OBJC_IMPLEMENTATIONS = YES;
				CLANG_WARN_DIRECT_OBJC_ISA_USAGE = YES_ERROR;
				CLANG_WARN_DOCUMENTATION_COMMENTS = YES;
				CLANG_WARN_EMPTY_BODY = YES;
				CLANG_WARN_ENUM_CONVERSION = YES;
				CLANG_WARN_INFINITE_RECURSION = YES;
				CLANG_WARN_INT_CONVERSION = YES;
				CLANG_WARN_NON_LITERAL_NULL_CONVERSION = YES;
				CLANG_WARN_OBJC_IMPLICIT_RETAIN_SELF = YES;
				CLANG_WARN_OBJC_LITERAL_CONVERSION = YES;
				CLANG_WARN_OBJC_ROOT_CLASS = YES_ERROR;
				CLANG_WARN_QUOTED_INCLUDE_IN_FRAMEWORK_HEADER = YES;
				CLANG_WARN_RANGE_LOOP_ANALYSIS = YES;
				CLANG_WARN_STRICT_PROTOTYPES = YES;
				CLANG_WARN_SUSPICIOUS_MOVE = YES;
				CLANG_WARN_UNGUARDED_AVAILABILITY = YES_AGGRESSIVE;
				CLANG_WARN_UNREACHABLE_CODE = YES;
				CLANG_WARN__DUPLICATE_METHOD_MATCH = YES;
				COPY_PHASE_STRIP = NO;
				DEBUG_INFORMATION_FORMAT = "dwarf-with-dsym";
				ENABLE_NS_ASSERTIONS = NO;
				ENABLE_STRICT_OBJC_MSGSEND = YES;
				ENABLE_USER_SCRIPT_SANDBOXING = YES;
				GCC_C_LANGUAGE_STANDARD = gnu17;
				GCC_NO_COMMON_BLOCKS = YES;
				GCC_WARN_64_TO_32_BIT_CONVERSION = YES;
				GCC_WARN_ABOUT_RETURN_TYPE = YES_ERROR;
				GCC_WARN_UNDECLARED_SELECTOR = YES;
				GCC_WARN_UNINITIALIZED_AUTOS = YES_AGGRESSIVE;
				GCC_WARN_UNUSED_FUNCTION = YES;
				GCC_WARN_UNUSED_VARIABLE = YES;
				IPHONEOS_DEPLOYMENT_TARGET = 17.2;
				LOCALIZATION_PREFERS_STRING_CATALOGS = YES;
				MTL_ENABLE_DEBUG_INFO = NO;
				MTL_FAST_MATH = YES;
				SDKROOT = iphoneos;
				SWIFT_COMPILATION_MODE = wholemodule;
				VALIDATE_PRODUCT = YES;
			};
			name = Release;
		};
		E15B54EB2B467DAC00180197 /* Debug */ = {
			isa = XCBuildConfiguration;
			buildSettings = {
				ASSETCATALOG_COMPILER_APPICON_NAME = AppIcon;
				ASSETCATALOG_COMPILER_GLOBAL_ACCENT_COLOR_NAME = AccentColor;
				CODE_SIGN_STYLE = Automatic;
				CURRENT_PROJECT_VERSION = 1;
				DEVELOPMENT_ASSET_PATHS = "\"DicodingSubmission/Preview Content\"";
				DEVELOPMENT_TEAM = VF6JHT8XMV;
				ENABLE_PREVIEWS = YES;
				GENERATE_INFOPLIST_FILE = YES;
				INFOPLIST_KEY_UIApplicationSceneManifest_Generation = YES;
				INFOPLIST_KEY_UIApplicationSupportsIndirectInputEvents = YES;
				INFOPLIST_KEY_UILaunchScreen_Generation = YES;
				INFOPLIST_KEY_UISupportedInterfaceOrientations_iPad = "UIInterfaceOrientationPortrait UIInterfaceOrientationPortraitUpsideDown UIInterfaceOrientationLandscapeLeft UIInterfaceOrientationLandscapeRight";
				INFOPLIST_KEY_UISupportedInterfaceOrientations_iPhone = "UIInterfaceOrientationPortrait UIInterfaceOrientationLandscapeLeft UIInterfaceOrientationLandscapeRight";
				IPHONEOS_DEPLOYMENT_TARGET = 15.0;
				LD_RUNPATH_SEARCH_PATHS = (
					"$(inherited)",
					"@executable_path/Frameworks",
				);
				MARKETING_VERSION = 1.0;
				PRODUCT_BUNDLE_IDENTIFIER = com.dionpamungkas.DicodingSubmission;
				PRODUCT_NAME = "$(TARGET_NAME)";
				SWIFT_EMIT_LOC_STRINGS = YES;
				SWIFT_VERSION = 5.0;
				TARGETED_DEVICE_FAMILY = "1,2";
			};
			name = Debug;
		};
		E15B54EC2B467DAC00180197 /* Release */ = {
			isa = XCBuildConfiguration;
			buildSettings = {
				ASSETCATALOG_COMPILER_APPICON_NAME = AppIcon;
				ASSETCATALOG_COMPILER_GLOBAL_ACCENT_COLOR_NAME = AccentColor;
				CODE_SIGN_STYLE = Automatic;
				CURRENT_PROJECT_VERSION = 1;
				DEVELOPMENT_ASSET_PATHS = "\"DicodingSubmission/Preview Content\"";
				DEVELOPMENT_TEAM = VF6JHT8XMV;
				ENABLE_PREVIEWS = YES;
				GENERATE_INFOPLIST_FILE = YES;
				INFOPLIST_KEY_UIApplicationSceneManifest_Generation = YES;
				INFOPLIST_KEY_UIApplicationSupportsIndirectInputEvents = YES;
				INFOPLIST_KEY_UILaunchScreen_Generation = YES;
				INFOPLIST_KEY_UISupportedInterfaceOrientations_iPad = "UIInterfaceOrientationPortrait UIInterfaceOrientationPortraitUpsideDown UIInterfaceOrientationLandscapeLeft UIInterfaceOrientationLandscapeRight";
				INFOPLIST_KEY_UISupportedInterfaceOrientations_iPhone = "UIInterfaceOrientationPortrait UIInterfaceOrientationLandscapeLeft UIInterfaceOrientationLandscapeRight";
				IPHONEOS_DEPLOYMENT_TARGET = 15.0;
				LD_RUNPATH_SEARCH_PATHS = (
					"$(inherited)",
					"@executable_path/Frameworks",
				);
				MARKETING_VERSION = 1.0;
				PRODUCT_BUNDLE_IDENTIFIER = com.dionpamungkas.DicodingSubmission;
				PRODUCT_NAME = "$(TARGET_NAME)";
				SWIFT_EMIT_LOC_STRINGS = YES;
				SWIFT_VERSION = 5.0;
				TARGETED_DEVICE_FAMILY = "1,2";
			};
			name = Release;
		};
/* End XCBuildConfiguration section */

/* Begin XCConfigurationList section */
		E15B54D72B467DAB00180197 /* Build configuration list for PBXProject "DicodingSubmission" */ = {
			isa = XCConfigurationList;
			buildConfigurations = (
				E15B54E82B467DAC00180197 /* Debug */,
				E15B54E92B467DAC00180197 /* Release */,
			);
			defaultConfigurationIsVisible = 0;
			defaultConfigurationName = Release;
		};
		E15B54EA2B467DAC00180197 /* Build configuration list for PBXNativeTarget "DicodingSubmission" */ = {
			isa = XCConfigurationList;
			buildConfigurations = (
				E15B54EB2B467DAC00180197 /* Debug */,
				E15B54EC2B467DAC00180197 /* Release */,
			);
			defaultConfigurationIsVisible = 0;
			defaultConfigurationName = Release;
		};
/* End XCConfigurationList section */
	};
	rootObject = E15B54D42B467DAB00180197 /* Project object */;
}
